dependencies:
  '@rush-temp/app': 'file:projects/app.tgz'
  pad-left: 2.1.0
lockfileVersion: 5
packages:
  /pad-left/2.1.0:
    dependencies:
      repeat-string: 1.6.0
    dev: false
    engines:
      node: '>=0.10.0'
    resolution:
      integrity: sha512-HJxs9K9AztdIQIAIa/OIazRAUW/L6B9hbQDxO4X07roW3eo9XqZc2ur9bn1StH9CnbbI9EgvejHQX7CBpCF1QA==
  /repeat-string/1.6.0:
    dev: false
    engines:
      node: '>=0.10'
    resolution:
      integrity: sha512-/xwRzC1oC1E9C7SxHF786ThdmCtKNIB72ueAMPOXRilDPEMHMtoXwqYsPbgjaC32Ps3O5AuVPs+BW4pDVczjvQ==
  'file:projects/app.tgz':
    dependencies:
      pad-left: 2.1.0
    dev: false
    name: '@rush-temp/app'
    resolution:
      integrity: sha512-nlV9hoFT4FQIAOO2pEdO5WRMH05EwyQQy975YPlqRFY+yBeuNHh7FK1KldSKaPNqEkMh0J/98rFenvEI753ZHg==
      tarball: 'file:projects/app.tgz'
    version: 0.0.0
registry: ''
specifiers:
  '@rush-temp/app': 'file:./projects/app.tgz'
  pad-left: 2.1.0
